
Microsoft Visual Studio Solution File, Format Version 12.00
# Visual Studio Version 16
VisualStudioVersion = 16.0.31702.278
MinimumVisualStudioVersion = 10.0.40219.1
Project("{FAE04EC0-301F-11D3-BF4B-00C04F79EFBC}") = "WebApiStudentSample", "WebApiStudentSample\WebApiStudentSample.csproj", "{764444DB-E431-4EE7-82C8-2C4CD0EBF0AD}"
EndProject
Global
	GlobalSection(SolutionConfigurationPlatforms) = preSolution
		Debug|Any CPU = Debug|Any CPU
		Release|Any CPU = Release|Any CPU
	EndGlobalSection
	GlobalSection(ProjectConfigurationPlatforms) = postSolution
		{764444DB-E431-4EE7-82C8-2C4CD0EBF0AD}.Debug|Any CPU.ActiveCfg = Debug|Any CPU
		{764444DB-E431-4EE7-82C8-2C4CD0EBF0AD}.Debug|Any CPU.Build.0 = Debug|Any CPU
		{764444DB-E431-4EE7-82C8-2C4CD0EBF0AD}.Release|Any CPU.ActiveCfg = Release|Any CPU
		{764444DB-E431-4EE7-82C8-2C4CD0EBF0AD}.Release|Any CPU.Build.0 = Release|Any CPU
	EndGlobalSection
	GlobalSection(SolutionProperties) = preSolution
		HideSolutionNode = FALSE
	EndGlobalSection
	GlobalSection(ExtensibilityGlobals) = postSolution
		SolutionGuid = {0BF33F62-A14A-4C8A-90AD-1FC64BCE9BD6}
	EndGlobalSection
EndGlobal
